
Microsoft Visual Studio Solution File, Format Version 12.00
# Visual Studio Version 17
VisualStudioVersion = 17.0.31903.59
MinimumVisualStudioVersion = 10.0.40219.1
Project("{FAE04EC0-301F-11D3-BF4B-00C04F79EFBC}") = "ModestApi", "ModestApi\ModestApi.csproj", "{FAF14266-F3C5-4633-89F6-15B3812062D8}"
EndProject
Global
	GlobalSection(SolutionConfigurationPlatforms) = preSolution
		Debug|Any CPU = Debug|Any CPU
		Release|Any CPU = Release|Any CPU
	EndGlobalSection
	GlobalSection(SolutionProperties) = preSolution
		HideSolutionNode = FALSE
	EndGlobalSection
	GlobalSection(ProjectConfigurationPlatforms) = postSolution
		{FAF14266-F3C5-4633-89F6-15B3812062D8}.Debug|Any CPU.ActiveCfg = Debug|Any CPU
		{FAF14266-F3C5-4633-89F6-15B3812062D8}.Debug|Any CPU.Build.0 = Debug|Any CPU
		{FAF14266-F3C5-4633-89F6-15B3812062D8}.Release|Any CPU.ActiveCfg = Release|Any CPU
		{FAF14266-F3C5-4633-89F6-15B3812062D8}.Release|Any CPU.Build.0 = Release|Any CPU
	EndGlobalSection
EndGlobal
